// !$*UTF8*$!
{
	archiveVersion = 1;
	classes = {
	};
	objectVersion = 55;
	objects = {

/* Begin PBXBuildFile section */
		F71FD87F27BF9687007D3C07 /* DashLineReplicatorLayer.swift in Sources */ = {isa = PBXBuildFile; fileRef = F71FD87E27BF9687007D3C07 /* DashLineReplicatorLayer.swift */; };
		F7A3901A272541D700E673EC /* ViewController.swift in Sources */ = {isa = PBXBuildFile; fileRef = F7E8DF572725418900B47AFB /* ViewController.swift */; };
		F7A3901B272541D700E673EC /* AppDelegate.swift in Sources */ = {isa = PBXBuildFile; fileRef = F7E8DF5D2725418900B47AFB /* AppDelegate.swift */; };
		F7A390222725434200E673EC /* DashLine.swift in Sources */ = {isa = PBXBuildFile; fileRef = F7A390212725434100E673EC /* DashLine.swift */; };
		F7A39024272543D000E673EC /* DashLine.framework in Frameworks */ = {isa = PBXBuildFile; fileRef = F7E8DF2C27253FFE00B47AFB /* DashLine.framework */; };
		F7A3902527254DB700E673EC /* LaunchScreen.storyboard in Resources */ = {isa = PBXBuildFile; fileRef = F7E8DF592725418900B47AFB /* LaunchScreen.storyboard */; };
		F7A3902627254DBC00E673EC /* Main.storyboard in Resources */ = {isa = PBXBuildFile; fileRef = F7E8DF5B2725418900B47AFB /* Main.storyboard */; };
		F7A3902727254DBF00E673EC /* Assets.xcassets in Resources */ = {isa = PBXBuildFile; fileRef = F7E8DF582725418900B47AFB /* Assets.xcassets */; };
		F7E8DF3B272540FF00B47AFB /* DashLine.h in Headers */ = {isa = PBXBuildFile; fileRef = F7E8DF3A272540FF00B47AFB /* DashLine.h */; settings = {ATTRIBUTES = (Public, ); }; };
/* End PBXBuildFile section */

/* Begin PBXContainerItemProxy section */
		F7A39028272555BE00E673EC /* PBXContainerItemProxy */ = {
			isa = PBXContainerItemProxy;
			containerPortal = F7E8DF2327253FFE00B47AFB /* Project object */;
			proxyType = 1;
			remoteGlobalIDString = F7E8DF2B27253FFE00B47AFB;
			remoteInfo = DashLine;
		};
/* End PBXContainerItemProxy section */

/* Begin PBXFileReference section */
		F71FD87E27BF9687007D3C07 /* DashLineReplicatorLayer.swift */ = {isa = PBXFileReference; fileEncoding = 4; lastKnownFileType = sourcecode.swift; path = DashLineReplicatorLayer.swift; sourceTree = "<group>"; };
		F7A390212725434100E673EC /* DashLine.swift */ = {isa = PBXFileReference; fileEncoding = 4; lastKnownFileType = sourcecode.swift; path = DashLine.swift; sourceTree = "<group>"; };
		F7A3902A2725565C00E673EC /* DashLine.podspec */ = {isa = PBXFileReference; lastKnownFileType = text; path = DashLine.podspec; sourceTree = "<group>"; };
		F7E8DF2C27253FFE00B47AFB /* DashLine.framework */ = {isa = PBXFileReference; explicitFileType = wrapper.framework; includeInIndex = 0; path = DashLine.framework; sourceTree = BUILT_PRODUCTS_DIR; };
		F7E8DF3027253FFE00B47AFB /* DashLine.docc */ = {isa = PBXFileReference; lastKnownFileType = folder.documentationcatalog; path = DashLine.docc; sourceTree = "<group>"; };
		F7E8DF3A272540FF00B47AFB /* DashLine.h */ = {isa = PBXFileReference; fileEncoding = 4; lastKnownFileType = sourcecode.c.h; path = DashLine.h; sourceTree = "<group>"; };
		F7E8DF412725416700B47AFB /* iOSDemo.app */ = {isa = PBXFileReference; explicitFileType = wrapper.application; includeInIndex = 0; path = iOSDemo.app; sourceTree = BUILT_PRODUCTS_DIR; };
		F7E8DF572725418900B47AFB /* ViewController.swift */ = {isa = PBXFileReference; fileEncoding = 4; lastKnownFileType = sourcecode.swift; path = ViewController.swift; sourceTree = "<group>"; };
		F7E8DF582725418900B47AFB /* Assets.xcassets */ = {isa = PBXFileReference; lastKnownFileType = folder.assetcatalog; path = Assets.xcassets; sourceTree = "<group>"; };
		F7E8DF5A2725418900B47AFB /* Base */ = {isa = PBXFileReference; lastKnownFileType = file.storyboard; name = Base; path = Base.lproj/LaunchScreen.storyboard; sourceTree = "<group>"; };
		F7E8DF5C2725418900B47AFB /* Base */ = {isa = PBXFileReference; lastKnownFileType = file.storyboard; name = Base; path = Base.lproj/Main.storyboard; sourceTree = "<group>"; };
		F7E8DF5D2725418900B47AFB /* AppDelegate.swift */ = {isa = PBXFileReference; fileEncoding = 4; lastKnownFileType = sourcecode.swift; path = AppDelegate.swift; sourceTree = "<group>"; };
		F7E8DF5E2725418900B47AFB /* Info.plist */ = {isa = PBXFileReference; fileEncoding = 4; lastKnownFileType = text.plist.xml; path = Info.plist; sourceTree = "<group>"; };
/* End PBXFileReference section */

/* Begin PBXFrameworksBuildPhase section */
		F7E8DF2927253FFE00B47AFB /* Frameworks */ = {
			isa = PBXFrameworksBuildPhase;
			buildActionMask = 2147483647;
			files = (
			);
			runOnlyForDeploymentPostprocessing = 0;
		};
		F7E8DF3E2725416700B47AFB /* Frameworks */ = {
			isa = PBXFrameworksBuildPhase;
			buildActionMask = 2147483647;
			files = (
				F7A39024272543D000E673EC /* DashLine.framework in Frameworks */,
			);
			runOnlyForDeploymentPostprocessing = 0;
		};
/* End PBXFrameworksBuildPhase section */

/* Begin PBXGroup section */
		F7A39023272543D000E673EC /* Frameworks */ = {
			isa = PBXGroup;
			children = (
			);
			name = Frameworks;
			sourceTree = "<group>";
		};
		F7E8DF2227253FFE00B47AFB = {
			isa = PBXGroup;
			children = (
				F7A3902A2725565C00E673EC /* DashLine.podspec */,
				F7E8DF552725418900B47AFB /* Examples */,
				F7E8DF39272540FF00B47AFB /* Sources */,
				F7E8DF2E27253FFE00B47AFB /* DashLine */,
				F7E8DF2D27253FFE00B47AFB /* Products */,
				F7A39023272543D000E673EC /* Frameworks */,
			);
			sourceTree = "<group>";
		};
		F7E8DF2D27253FFE00B47AFB /* Products */ = {
			isa = PBXGroup;
			children = (
				F7E8DF2C27253FFE00B47AFB /* DashLine.framework */,
				F7E8DF412725416700B47AFB /* iOSDemo.app */,
			);
			name = Products;
			sourceTree = "<group>";
		};
		F7E8DF2E27253FFE00B47AFB /* DashLine */ = {
			isa = PBXGroup;
			children = (
				F7E8DF3027253FFE00B47AFB /* DashLine.docc */,
			);
			path = DashLine;
			sourceTree = "<group>";
		};
		F7E8DF39272540FF00B47AFB /* Sources */ = {
			isa = PBXGroup;
			children = (
				F7E8DF3A272540FF00B47AFB /* DashLine.h */,
				F7A390212725434100E673EC /* DashLine.swift */,
			);
			path = Sources;
			sourceTree = "<group>";
		};
		F7E8DF552725418900B47AFB /* Examples */ = {
			isa = PBXGroup;
			children = (
				F7E8DF562725418900B47AFB /* iOSDemo */,
			);
			path = Examples;
			sourceTree = "<group>";
		};
		F7E8DF562725418900B47AFB /* iOSDemo */ = {
			isa = PBXGroup;
			children = (
				F71FD87E27BF9687007D3C07 /* DashLineReplicatorLayer.swift */,
				F7E8DF572725418900B47AFB /* ViewController.swift */,
				F7E8DF5D2725418900B47AFB /* AppDelegate.swift */,
				F7E8DF592725418900B47AFB /* LaunchScreen.storyboard */,
				F7E8DF5B2725418900B47AFB /* Main.storyboard */,
				F7E8DF582725418900B47AFB /* Assets.xcassets */,
				F7E8DF5E2725418900B47AFB /* Info.plist */,
			);
			path = iOSDemo;
			sourceTree = "<group>";
		};
/* End PBXGroup section */

/* Begin PBXHeadersBuildPhase section */
		F7E8DF2727253FFE00B47AFB /* Headers */ = {
			isa = PBXHeadersBuildPhase;
			buildActionMask = 2147483647;
			files = (
				F7E8DF3B272540FF00B47AFB /* DashLine.h in Headers */,
			);
			runOnlyForDeploymentPostprocessing = 0;
		};
/* End PBXHeadersBuildPhase section */

/* Begin PBXNativeTarget section */
		F7E8DF2B27253FFE00B47AFB /* DashLine */ = {
			isa = PBXNativeTarget;
			buildConfigurationList = F7E8DF3527253FFE00B47AFB /* Build configuration list for PBXNativeTarget "DashLine" */;
			buildPhases = (
				F7E8DF2727253FFE00B47AFB /* Headers */,
				F7E8DF2827253FFE00B47AFB /* Sources */,
				F7E8DF2927253FFE00B47AFB /* Frameworks */,
				F7E8DF2A27253FFE00B47AFB /* Resources */,
			);
			buildRules = (
			);
			dependencies = (
			);
			name = DashLine;
			productName = DashLine;
			productReference = F7E8DF2C27253FFE00B47AFB /* DashLine.framework */;
			productType = "com.apple.product-type.framework";
		};
		F7E8DF402725416700B47AFB /* iOSDemo */ = {
			isa = PBXNativeTarget;
			buildConfigurationList = F7E8DF522725416900B47AFB /* Build configuration list for PBXNativeTarget "iOSDemo" */;
			buildPhases = (
				F7E8DF3D2725416700B47AFB /* Sources */,
				F7E8DF3E2725416700B47AFB /* Frameworks */,
				F7E8DF3F2725416700B47AFB /* Resources */,
			);
			buildRules = (
			);
			dependencies = (
				F7A39029272555BE00E673EC /* PBXTargetDependency */,
			);
			name = iOSDemo;
			productName = iOSDemo;
			productReference = F7E8DF412725416700B47AFB /* iOSDemo.app */;
			productType = "com.apple.product-type.application";
		};
/* End PBXNativeTarget section */

/* Begin PBXProject section */
		F7E8DF2327253FFE00B47AFB /* Project object */ = {
			isa = PBXProject;
			attributes = {
				BuildIndependentTargetsInParallel = 1;
				LastSwiftUpdateCheck = 1300;
				LastUpgradeCheck = 1300;
				TargetAttributes = {
					F7E8DF2B27253FFE00B47AFB = {
						CreatedOnToolsVersion = 13.0;
						LastSwiftMigration = 1300;
					};
					F7E8DF402725416700B47AFB = {
						CreatedOnToolsVersion = 13.0;
					};
				};
			};
			buildConfigurationList = F7E8DF2627253FFE00B47AFB /* Build configuration list for PBXProject "DashLine" */;
			compatibilityVersion = "Xcode 13.0";
			developmentRegion = en;
			hasScannedForEncodings = 0;
			knownRegions = (
				en,
				Base,
			);
			mainGroup = F7E8DF2227253FFE00B47AFB;
			productRefGroup = F7E8DF2D27253FFE00B47AFB /* Products */;
			projectDirPath = "";
			projectRoot = "";
			targets = (
				F7E8DF2B27253FFE00B47AFB /* DashLine */,
				F7E8DF402725416700B47AFB /* iOSDemo */,
			);
		};
/* End PBXProject section */

/* Begin PBXResourcesBuildPhase section */
		F7E8DF2A27253FFE00B47AFB /* Resources */ = {
			isa = PBXResourcesBuildPhase;
			buildActionMask = 2147483647;
			files = (
			);
			runOnlyForDeploymentPostprocessing = 0;
		};
		F7E8DF3F2725416700B47AFB /* Resources */ = {
			isa = PBXResourcesBuildPhase;
			buildActionMask = 2147483647;
			files = (
				F7A3902727254DBF00E673EC /* Assets.xcassets in Resources */,
				F7A3902627254DBC00E673EC /* Main.storyboard in Resources */,
				F7A3902527254DB700E673EC /* LaunchScreen.storyboard in Resources */,
			);
			runOnlyForDeploymentPostprocessing = 0;
		};
/* End PBXResourcesBuildPhase section */

/* Begin PBXSourcesBuildPhase section */
		F7E8DF2827253FFE00B47AFB /* Sources */ = {
			isa = PBXSourcesBuildPhase;
			buildActionMask = 2147483647;
			files = (
				F71FD87F27BF9687007D3C07 /* DashLineReplicatorLayer.swift in Sources */,
				F7A390222725434200E673EC /* DashLine.swift in Sources */,
			);
			runOnlyForDeploymentPostprocessing = 0;
		};
		F7E8DF3D2725416700B47AFB /* Sources */ = {
			isa = PBXSourcesBuildPhase;
			buildActionMask = 2147483647;
			files = (
				F7A3901A272541D700E673EC /* ViewController.swift in Sources */,
				F7A3901B272541D700E673EC /* AppDelegate.swift in Sources */,
			);
			runOnlyForDeploymentPostprocessing = 0;
		};
/* End PBXSourcesBuildPhase section */

/* Begin PBXTargetDependency section */
		F7A39029272555BE00E673EC /* PBXTargetDependency */ = {
			isa = PBXTargetDependency;
			target = F7E8DF2B27253FFE00B47AFB /* DashLine */;
			targetProxy = F7A39028272555BE00E673EC /* PBXContainerItemProxy */;
		};
/* End PBXTargetDependency section */

/* Begin PBXVariantGroup section */
		F7E8DF592725418900B47AFB /* LaunchScreen.storyboard */ = {
			isa = PBXVariantGroup;
			children = (
				F7E8DF5A2725418900B47AFB /* Base */,
			);
			name = LaunchScreen.storyboard;
			sourceTree = "<group>";
		};
		F7E8DF5B2725418900B47AFB /* Main.storyboard */ = {
			isa = PBXVariantGroup;
			children = (
				F7E8DF5C2725418900B47AFB /* Base */,
			);
			name = Main.storyboard;
			sourceTree = "<group>";
		};
/* End PBXVariantGroup section */

/* Begin XCBuildConfiguration section */
		F7E8DF3327253FFE00B47AFB /* Debug */ = {
			isa = XCBuildConfiguration;
			buildSettings = {
				ALWAYS_SEARCH_USER_PATHS = NO;
				CLANG_ANALYZER_NONNULL = YES;
				CLANG_ANALYZER_NUMBER_OBJECT_CONVERSION = YES_AGGRESSIVE;
				CLANG_CXX_LANGUAGE_STANDARD = "gnu++17";
				CLANG_CXX_LIBRARY = "libc++";
				CLANG_ENABLE_MODULES = YES;
				CLANG_ENABLE_OBJC_ARC = YES;
				CLANG_ENABLE_OBJC_WEAK = YES;
				CLANG_WARN_BLOCK_CAPTURE_AUTORELEASING = YES;
				CLANG_WARN_BOOL_CONVERSION = YES;
				CLANG_WARN_COMMA = YES;
				CLANG_WARN_CONSTANT_CONVERSION = YES;
				CLANG_WARN_DEPRECATED_OBJC_IMPLEMENTATIONS = YES;
				CLANG_WARN_DIRECT_OBJC_ISA_USAGE = YES_ERROR;
				CLANG_WARN_DOCUMENTATION_COMMENTS = YES;
				CLANG_WARN_EMPTY_BODY = YES;
				CLANG_WARN_ENUM_CONVERSION = YES;
				CLANG_WARN_INFINITE_RECURSION = YES;
				CLANG_WARN_INT_CONVERSION = YES;
				CLANG_WARN_NON_LITERAL_NULL_CONVERSION = YES;
				CLANG_WARN_OBJC_IMPLICIT_RETAIN_SELF = YES;
				CLANG_WARN_OBJC_LITERAL_CONVERSION = YES;
				CLANG_WARN_OBJC_ROOT_CLASS = YES_ERROR;
				CLANG_WARN_QUOTED_INCLUDE_IN_FRAMEWORK_HEADER = YES;
				CLANG_WARN_RANGE_LOOP_ANALYSIS = YES;
				CLANG_WARN_STRICT_PROTOTYPES = YES;
				CLANG_WARN_SUSPICIOUS_MOVE = YES;
				CLANG_WARN_UNGUARDED_AVAILABILITY = YES_AGGRESSIVE;
				CLANG_WARN_UNREACHABLE_CODE = YES;
				CLANG_WARN__DUPLICATE_METHOD_MATCH = YES;
				COPY_PHASE_STRIP = NO;
				CURRENT_PROJECT_VERSION = 1;
				DEBUG_INFORMATION_FORMAT = dwarf;
				ENABLE_STRICT_OBJC_MSGSEND = YES;
				ENABLE_TESTABILITY = YES;
				GCC_C_LANGUAGE_STANDARD = gnu11;
				GCC_DYNAMIC_NO_PIC = NO;
				GCC_NO_COMMON_BLOCKS = YES;
				GCC_OPTIMIZATION_LEVEL = 0;
				GCC_PREPROCESSOR_DEFINITIONS = (
					"DEBUG=1",
					"$(inherited)",
				);
				GCC_WARN_64_TO_32_BIT_CONVERSION = YES;
				GCC_WARN_ABOUT_RETURN_TYPE = YES_ERROR;
				GCC_WARN_UNDECLARED_SELECTOR = YES;
				GCC_WARN_UNINITIALIZED_AUTOS = YES_AGGRESSIVE;
				GCC_WARN_UNUSED_FUNCTION = YES;
				GCC_WARN_UNUSED_VARIABLE = YES;
				IPHONEOS_DEPLOYMENT_TARGET = 15.0;
				MTL_ENABLE_DEBUG_INFO = INCLUDE_SOURCE;
				MTL_FAST_MATH = YES;
				ONLY_ACTIVE_ARCH = YES;
				SDKROOT = iphoneos;
				SWIFT_ACTIVE_COMPILATION_CONDITIONS = DEBUG;
				SWIFT_OPTIMIZATION_LEVEL = "-Onone";
				VERSIONING_SYSTEM = "apple-generic";
				VERSION_INFO_PREFIX = "";
			};
			name = Debug;
		};
		F7E8DF3427253FFE00B47AFB /* Release */ = {
			isa = XCBuildConfiguration;
			buildSettings = {
				ALWAYS_SEARCH_USER_PATHS = NO;
				CLANG_ANALYZER_NONNULL = YES;
				CLANG_ANALYZER_NUMBER_OBJECT_CONVERSION = YES_AGGRESSIVE;
				CLANG_CXX_LANGUAGE_STANDARD = "gnu++17";
				CLANG_CXX_LIBRARY = "libc++";
				CLANG_ENABLE_MODULES = YES;
				CLANG_ENABLE_OBJC_ARC = YES;
				CLANG_ENABLE_OBJC_WEAK = YES;
				CLANG_WARN_BLOCK_CAPTURE_AUTORELEASING = YES;
				CLANG_WARN_BOOL_CONVERSION = YES;
				CLANG_WARN_COMMA = YES;
				CLANG_WARN_CONSTANT_CONVERSION = YES;
				CLANG_WARN_DEPRECATED_OBJC_IMPLEMENTATIONS = YES;
				CLANG_WARN_DIRECT_OBJC_ISA_USAGE = YES_ERROR;
				CLANG_WARN_DOCUMENTATION_COMMENTS = YES;
				CLANG_WARN_EMPTY_BODY = YES;
				CLANG_WARN_ENUM_CONVERSION = YES;
				CLANG_WARN_INFINITE_RECURSION = YES;
				CLANG_WARN_INT_CONVERSION = YES;
				CLANG_WARN_NON_LITERAL_NULL_CONVERSION = YES;
				CLANG_WARN_OBJC_IMPLICIT_RETAIN_SELF = YES;
				CLANG_WARN_OBJC_LITERAL_CONVERSION = YES;
				CLANG_WARN_OBJC_ROOT_CLASS = YES_ERROR;
				CLANG_WARN_QUOTED_INCLUDE_IN_FRAMEWORK_HEADER = YES;
				CLANG_WARN_RANGE_LOOP_ANALYSIS = YES;
				CLANG_WARN_STRICT_PROTOTYPES = YES;
				CLANG_WARN_SUSPICIOUS_MOVE = YES;
				CLANG_WARN_UNGUARDED_AVAILABILITY = YES_AGGRESSIVE;
				CLANG_WARN_UNREACHABLE_CODE = YES;
				CLANG_WARN__DUPLICATE_METHOD_MATCH = YES;
				COPY_PHASE_STRIP = NO;
				CURRENT_PROJECT_VERSION = 1;
				DEBUG_INFORMATION_FORMAT = "dwarf-with-dsym";
				ENABLE_NS_ASSERTIONS = NO;
				ENABLE_STRICT_OBJC_MSGSEND = YES;
				GCC_C_LANGUAGE_STANDARD = gnu11;
				GCC_NO_COMMON_BLOCKS = YES;
				GCC_WARN_64_TO_32_BIT_CONVERSION = YES;
				GCC_WARN_ABOUT_RETURN_TYPE = YES_ERROR;
				GCC_WARN_UNDECLARED_SELECTOR = YES;
				GCC_WARN_UNINITIALIZED_AUTOS = YES_AGGRESSIVE;
				GCC_WARN_UNUSED_FUNCTION = YES;
				GCC_WARN_UNUSED_VARIABLE = YES;
				IPHONEOS_DEPLOYMENT_TARGET = 15.0;
				MTL_ENABLE_DEBUG_INFO = NO;
				MTL_FAST_MATH = YES;
				SDKROOT = iphoneos;
				SWIFT_COMPILATION_MODE = wholemodule;
				SWIFT_OPTIMIZATION_LEVEL = "-O";
				VALIDATE_PRODUCT = YES;
				VERSIONING_SYSTEM = "apple-generic";
				VERSION_INFO_PREFIX = "";
			};
			name = Release;
		};
		F7E8DF3627253FFE00B47AFB /* Debug */ = {
			isa = XCBuildConfiguration;
			buildSettings = {
				CLANG_ENABLE_MODULES = YES;
				CODE_SIGN_STYLE = Automatic;
				CURRENT_PROJECT_VERSION = 1;
				DEFINES_MODULE = YES;
				DEVELOPMENT_TEAM = KS5QTFAS57;
				DYLIB_COMPATIBILITY_VERSION = 1;
				DYLIB_CURRENT_VERSION = 1;
				DYLIB_INSTALL_NAME_BASE = "@rpath";
				GENERATE_INFOPLIST_FILE = YES;
				INFOPLIST_KEY_NSHumanReadableCopyright = "";
				INSTALL_PATH = "$(LOCAL_LIBRARY_DIR)/Frameworks";
				IPHONEOS_DEPLOYMENT_TARGET = 11.0;
				LD_RUNPATH_SEARCH_PATHS = (
					"$(inherited)",
					"@executable_path/Frameworks",
					"@loader_path/Frameworks",
				);
				MARKETING_VERSION = 1.0;
				PRODUCT_BUNDLE_IDENTIFIER = cn.shenyj.dashline.DashLine;
				PRODUCT_NAME = "$(TARGET_NAME:c99extidentifier)";
				SKIP_INSTALL = YES;
				SUPPORTS_MACCATALYST = NO;
				SWIFT_EMIT_LOC_STRINGS = YES;
				SWIFT_OPTIMIZATION_LEVEL = "-Onone";
				SWIFT_VERSION = 5.0;
				TARGETED_DEVICE_FAMILY = "1,2";
			};
			name = Debug;
		};
		F7E8DF3727253FFE00B47AFB /* Release */ = {
			isa = XCBuildConfiguration;
			buildSettings = {
				CLANG_ENABLE_MODULES = YES;
				CODE_SIGN_STYLE = Automatic;
				CURRENT_PROJECT_VERSION = 1;
				DEFINES_MODULE = YES;
				DEVELOPMENT_TEAM = KS5QTFAS57;
				DYLIB_COMPATIBILITY_VERSION = 1;
				DYLIB_CURRENT_VERSION = 1;
				DYLIB_INSTALL_NAME_BASE = "@rpath";
				GENERATE_INFOPLIST_FILE = YES;
				INFOPLIST_KEY_NSHumanReadableCopyright = "";
				INSTALL_PATH = "$(LOCAL_LIBRARY_DIR)/Frameworks";
				IPHONEOS_DEPLOYMENT_TARGET = 11.0;
				LD_RUNPATH_SEARCH_PATHS = (
					"$(inherited)",
					"@executable_path/Frameworks",
					"@loader_path/Frameworks",
				);
				MARKETING_VERSION = 1.0;
				PRODUCT_BUNDLE_IDENTIFIER = cn.shenyj.dashline.DashLine;
				PRODUCT_NAME = "$(TARGET_NAME:c99extidentifier)";
				SKIP_INSTALL = YES;
				SUPPORTS_MACCATALYST = NO;
				SWIFT_EMIT_LOC_STRINGS = YES;
				SWIFT_VERSION = 5.0;
				TARGETED_DEVICE_FAMILY = "1,2";
			};
			name = Release;
		};
		F7E8DF532725416900B47AFB /* Debug */ = {
			isa = XCBuildConfiguration;
			buildSettings = {
				ASSETCATALOG_COMPILER_APPICON_NAME = AppIcon;
				ASSETCATALOG_COMPILER_GLOBAL_ACCENT_COLOR_NAME = AccentColor;
				CODE_SIGN_STYLE = Automatic;
				CURRENT_PROJECT_VERSION = 1;
				DEVELOPMENT_TEAM = KS5QTFAS57;
				GENERATE_INFOPLIST_FILE = YES;
				INFOPLIST_FILE = "Examples/${PRODUCT_NAME}/Info.plist";
				INFOPLIST_KEY_UIApplicationSupportsIndirectInputEvents = YES;
				INFOPLIST_KEY_UILaunchStoryboardName = LaunchScreen;
				INFOPLIST_KEY_UIMainStoryboardFile = Main;
				INFOPLIST_KEY_UISupportedInterfaceOrientations_iPad = "UIInterfaceOrientationPortrait UIInterfaceOrientationPortraitUpsideDown UIInterfaceOrientationLandscapeLeft UIInterfaceOrientationLandscapeRight";
				INFOPLIST_KEY_UISupportedInterfaceOrientations_iPhone = "UIInterfaceOrientationPortrait UIInterfaceOrientationLandscapeLeft UIInterfaceOrientationLandscapeRight";
				IPHONEOS_DEPLOYMENT_TARGET = 11.0;
				LD_RUNPATH_SEARCH_PATHS = (
					"$(inherited)",
					"@executable_path/Frameworks",
				);
				MARKETING_VERSION = 1.0;
				PRODUCT_BUNDLE_IDENTIFIER = cn.shenyj.dashline.iosdemo.iOSDemo;
				PRODUCT_NAME = "$(TARGET_NAME)";
				SWIFT_EMIT_LOC_STRINGS = YES;
				SWIFT_VERSION = 5.0;
				TARGETED_DEVICE_FAMILY = "1,2";
			};
			name = Debug;
		};
		F7E8DF542725416900B47AFB /* Release */ = {
			isa = XCBuildConfiguration;
			buildSettings = {
				ASSETCATALOG_COMPILER_APPICON_NAME = AppIcon;
				ASSETCATALOG_COMPILER_GLOBAL_ACCENT_COLOR_NAME = AccentColor;
				CODE_SIGN_STYLE = Automatic;
				CURRENT_PROJECT_VERSION = 1;
				DEVELOPMENT_TEAM = KS5QTFAS57;
				GENERATE_INFOPLIST_FILE = YES;
				INFOPLIST_FILE = "Examples/${PRODUCT_NAME}/Info.plist";
				INFOPLIST_KEY_UIApplicationSupportsIndirectInputEvents = YES;
				INFOPLIST_KEY_UILaunchStoryboardName = LaunchScreen;
				INFOPLIST_KEY_UIMainStoryboardFile = Main;
				INFOPLIST_KEY_UISupportedInterfaceOrientations_iPad = "UIInterfaceOrientationPortrait UIInterfaceOrientationPortraitUpsideDown UIInterfaceOrientationLandscapeLeft UIInterfaceOrientationLandscapeRight";
				INFOPLIST_KEY_UISupportedInterfaceOrientations_iPhone = "UIInterfaceOrientationPortrait UIInterfaceOrientationLandscapeLeft UIInterfaceOrientationLandscapeRight";
				IPHONEOS_DEPLOYMENT_TARGET = 11.0;
				LD_RUNPATH_SEARCH_PATHS = (
					"$(inherited)",
					"@executable_path/Frameworks",
				);
				MARKETING_VERSION = 1.0;
				PRODUCT_BUNDLE_IDENTIFIER = cn.shenyj.dashline.iosdemo.iOSDemo;
				PRODUCT_NAME = "$(TARGET_NAME)";
				SWIFT_EMIT_LOC_STRINGS = YES;
				SWIFT_VERSION = 5.0;
				TARGETED_DEVICE_FAMILY = "1,2";
			};
			name = Release;
		};
/* End XCBuildConfiguration section */

/* Begin XCConfigurationList section */
		F7E8DF2627253FFE00B47AFB /* Build configuration list for PBXProject "DashLine" */ = {
			isa = XCConfigurationList;
			buildConfigurations = (
				F7E8DF3327253FFE00B47AFB /* Debug */,
				F7E8DF3427253FFE00B47AFB /* Release */,
			);
			defaultConfigurationIsVisible = 0;
			defaultConfigurationName = Release;
		};
		F7E8DF3527253FFE00B47AFB /* Build configuration list for PBXNativeTarget "DashLine" */ = {
			isa = XCConfigurationList;
			buildConfigurations = (
				F7E8DF3627253FFE00B47AFB /* Debug */,
				F7E8DF3727253FFE00B47AFB /* Release */,
			);
			defaultConfigurationIsVisible = 0;
			defaultConfigurationName = Release;
		};
		F7E8DF522725416900B47AFB /* Build configuration list for PBXNativeTarget "iOSDemo" */ = {
			isa = XCConfigurationList;
			buildConfigurations = (
				F7E8DF532725416900B47AFB /* Debug */,
				F7E8DF542725416900B47AFB /* Release */,
			);
			defaultConfigurationIsVisible = 0;
			defaultConfigurationName = Release;
		};
/* End XCConfigurationList section */
	};
	rootObject = F7E8DF2327253FFE00B47AFB /* Project object */;
}
